
Microsoft Visual Studio Solution File, Format Version 12.00
# Visual Studio 14
VisualStudioVersion = 14.0.25420.1
MinimumVisualStudioVersion = 10.0.40219.1
Project("{FAE04EC0-301F-11D3-BF4B-00C04F79EFBC}") = "PureCloudExportTool", "PureCloudExportTool\PureCloudExportTool.csproj", "{437F8331-25B2-461B-97C2-FB4EA8879DDF}"
EndProject
Global
	GlobalSection(SolutionConfigurationPlatforms) = preSolution
		Debug|Any CPU = Debug|Any CPU
		Release|Any CPU = Release|Any CPU
	EndGlobalSection
	GlobalSection(ProjectConfigurationPlatforms) = postSolution
		{437F8331-25B2-461B-97C2-FB4EA8879DDF}.Debug|Any CPU.ActiveCfg = Debug|Any CPU
		{437F8331-25B2-461B-97C2-FB4EA8879DDF}.Debug|Any CPU.Build.0 = Debug|Any CPU
		{437F8331-25B2-461B-97C2-FB4EA8879DDF}.Release|Any CPU.ActiveCfg = Release|Any CPU
		{437F8331-25B2-461B-97C2-FB4EA8879DDF}.Release|Any CPU.Build.0 = Release|Any CPU
	EndGlobalSection
	GlobalSection(SolutionProperties) = preSolution
		HideSolutionNode = FALSE
	EndGlobalSection
EndGlobal
